
Microsoft Visual Studio Solution File, Format Version 12.00
# Visual Studio Version 16
VisualStudioVersion = 16.0.28803.156
MinimumVisualStudioVersion = 10.0.40219.1
Project("{9A19103F-16F7-4668-BE54-9A1E7A4F7556}") = "AkkaConsoleSimple", "AkkaConsoleSimple\AkkaConsoleSimple.csproj", "{83D00B6E-DEB2-48F3-BCDE-B1665ED9C065}"
EndProject
Project("{9A19103F-16F7-4668-BE54-9A1E7A4F7556}") = "AkkaConsoleSimpleTwoActorsCall", "AkkaConsoleSimpleTwoActors\AkkaConsoleSimpleTwoActorsCall.csproj", "{78CE447A-29D9-4D0A-9F98-AE43DC48148B}"
EndProject
Project("{9A19103F-16F7-4668-BE54-9A1E7A4F7556}") = "AkkaConsoleSimpleTwoEntities", "AkkaConsoleSimpleTwoEntities\AkkaConsoleSimpleTwoEntities.csproj", "{2391E368-E098-4F79-A852-4165D427979E}"
EndProject
Global
	GlobalSection(SolutionConfigurationPlatforms) = preSolution
		Debug|Any CPU = Debug|Any CPU
		Release|Any CPU = Release|Any CPU
	EndGlobalSection
	GlobalSection(ProjectConfigurationPlatforms) = postSolution
		{83D00B6E-DEB2-48F3-BCDE-B1665ED9C065}.Debug|Any CPU.ActiveCfg = Debug|Any CPU
		{83D00B6E-DEB2-48F3-BCDE-B1665ED9C065}.Debug|Any CPU.Build.0 = Debug|Any CPU
		{83D00B6E-DEB2-48F3-BCDE-B1665ED9C065}.Release|Any CPU.ActiveCfg = Release|Any CPU
		{83D00B6E-DEB2-48F3-BCDE-B1665ED9C065}.Release|Any CPU.Build.0 = Release|Any CPU
		{78CE447A-29D9-4D0A-9F98-AE43DC48148B}.Debug|Any CPU.ActiveCfg = Debug|Any CPU
		{78CE447A-29D9-4D0A-9F98-AE43DC48148B}.Debug|Any CPU.Build.0 = Debug|Any CPU
		{78CE447A-29D9-4D0A-9F98-AE43DC48148B}.Release|Any CPU.ActiveCfg = Release|Any CPU
		{78CE447A-29D9-4D0A-9F98-AE43DC48148B}.Release|Any CPU.Build.0 = Release|Any CPU
		{2391E368-E098-4F79-A852-4165D427979E}.Debug|Any CPU.ActiveCfg = Debug|Any CPU
		{2391E368-E098-4F79-A852-4165D427979E}.Debug|Any CPU.Build.0 = Debug|Any CPU
		{2391E368-E098-4F79-A852-4165D427979E}.Release|Any CPU.ActiveCfg = Release|Any CPU
		{2391E368-E098-4F79-A852-4165D427979E}.Release|Any CPU.Build.0 = Release|Any CPU
	EndGlobalSection
	GlobalSection(SolutionProperties) = preSolution
		HideSolutionNode = FALSE
	EndGlobalSection
	GlobalSection(ExtensibilityGlobals) = postSolution
		SolutionGuid = {2C2788CB-8BF3-4B8B-9E25-024EA409C816}
	EndGlobalSection
EndGlobal
